Microsoft Visual Studio Solution File, Format Version 12.00
# Visual Studio Version 17
VisualStudioVersion = 17.5.2.0
MinimumVisualStudioVersion = 10.0.40219.1
Project("{FAE04EC0-301F-11D3-BF4B-00C04F79EFBC}") = "CrossDeviceTracker.Api", "CrossDeviceTracker.Api.csproj", "{76225AA5-09AB-370F-D575-F07E7CE37212}"
EndProject
Global
	GlobalSection(SolutionConfigurationPlatforms) = preSolution
		Debug|Any CPU = Debug|Any CPU
		Release|Any CPU = Release|Any CPU
	EndGlobalSection
	GlobalSection(ProjectConfigurationPlatforms) = postSolution
		{76225AA5-09AB-370F-D575-F07E7CE37212}.Debug|Any CPU.ActiveCfg = Debug|Any CPU
		{76225AA5-09AB-370F-D575-F07E7CE37212}.Debug|Any CPU.Build.0 = Debug|Any CPU
		{76225AA5-09AB-370F-D575-F07E7CE37212}.Release|Any CPU.ActiveCfg = Release|Any CPU
		{76225AA5-09AB-370F-D575-F07E7CE37212}.Release|Any CPU.Build.0 = Release|Any CPU
	EndGlobalSection
	GlobalSection(SolutionProperties) = preSolution
		HideSolutionNode = FALSE
	EndGlobalSection
	GlobalSection(ExtensibilityGlobals) = postSolution
		SolutionGuid = {14C30702-B837-4A08-B1AF-00D112EF0A82}
	EndGlobalSection
EndGlobal
